{
  "version": 4,
  "terraform_version": "1.13.4",
  "serial": 13,
  "lineage": "2adc869c-c94f-ed8d-37d6-fee3f65c0c8e",
  "outputs": {
    "policy_arns": {
      "value": {
        "cloudwatch_write": "arn:aws:iam::905418110630:policy/dev-cloudwatch-write",
        "s3_read_only": "arn:aws:iam::905418110630:policy/dev-s3-read-only"
      },
      "type": [
        "object",
        {
          "cloudwatch_write": "string",
          "s3_read_only": "string"
        }
      ]
    },
    "role_arns": {
      "value": {
        "app_role": "arn:aws:iam::905418110630:role/dev-app-role",
        "monitoring_role": "arn:aws:iam::905418110630:role/dev-monitoring-role"
      },
      "type": [
        "object",
        {
          "app_role": "string",
          "monitoring_role": "string"
        }
      ]
    },
    "role_names": {
      "value": {
        "app_role": "dev-app-role",
        "monitoring_role": "dev-monitoring-role"
      },
      "type": [
        "object",
        {
          "app_role": "string",
          "monitoring_role": "string"
        }
      ]
    }
  },
  "resources": [
    {
      "module": "module.app_role",
      "mode": "managed",
      "type": "aws_iam_role",
      "name": "role",
      "provider": "provider[\"registry.terraform.io/hashicorp/aws\"]",
      "instances": [
        {
          "schema_version": 0,
          "attributes": {
            "arn": "arn:aws:iam::905418110630:role/dev-app-role",
            "assume_role_policy": "{\"Statement\":[{\"Action\":\"sts:AssumeRole\",\"Effect\":\"Allow\",\"Principal\":{\"Service\":\"ec2.amazonaws.com\"}}],\"Version\":\"2012-10-17\"}",
            "create_date": "2025-11-11T04:53:10Z",
            "description": "Application role",
            "force_detach_policies": false,
            "id": "dev-app-role",
            "inline_policy": [],
            "managed_policy_arns": [
              "arn:aws:iam::905418110630:policy/dev-s3-read-only"
            ],
            "max_session_duration": 3600,
            "name": "dev-app-role",
            "name_prefix": "",
            "path": "/",
            "permissions_boundary": "",
            "tags": {
              "Environment": "dev",
              "ManagedBy": "Terraform"
            },
            "tags_all": {
              "Environment": "dev",
              "ManagedBy": "Terraform"
            },
            "unique_id": "AROA5FTY762TPP3NW5N35"
          },
          "sensitive_attributes": [],
          "identity_schema_version": 0,
          "identity": {
            "account_id": "905418110630",
            "name": "dev-app-role"
          },
          "private": "bnVsbA=="
        }
      ]
    },
    {
      "module": "module.app_role",
      "mode": "managed",
      "type": "aws_iam_role_policy_attachment",
      "name": "policy_attachments",
      "provider": "provider[\"registry.terraform.io/hashicorp/aws\"]",
      "instances": [
        {
          "index_key": 0,
          "schema_version": 0,
          "attributes": {
            "id": "dev-app-role/arn:aws:iam::905418110630:policy/dev-s3-read-only",
            "policy_arn": "arn:aws:iam::905418110630:policy/dev-s3-read-only",
            "role": "dev-app-role"
          },
          "sensitive_attributes": [],
          "identity_schema_version": 0,
          "identity": {
            "account_id": "905418110630",
            "policy_arn": "arn:aws:iam::905418110630:policy/dev-s3-read-only",
            "role": "dev-app-role"
          },
          "private": "bnVsbA==",
          "dependencies": [
            "module.app_role.aws_iam_role.role",
            "module.s3_read_only_policy.aws_iam_policy.policy"
          ]
        }
      ]
    },
    {
      "module": "module.cloudwatch_write_policy",
      "mode": "managed",
      "type": "aws_iam_policy",
      "name": "policy",
      "provider": "provider[\"registry.terraform.io/hashicorp/aws\"]",
      "instances": [
        {
          "schema_version": 0,
          "attributes": {
            "arn": "arn:aws:iam::905418110630:policy/dev-cloudwatch-write",
            "attachment_count": 1,
            "description": "Allow CloudWatch write access",
            "id": "arn:aws:iam::905418110630:policy/dev-cloudwatch-write",
            "name": "dev-cloudwatch-write",
            "name_prefix": "",
            "path": "/",
            "policy": "{\"Statement\":[{\"Action\":[\"logs:CreateLogGroup\",\"logs:CreateLogStream\",\"logs:PutLogEvents\"],\"Effect\":\"Allow\",\"Resource\":[\"*\"]}],\"Version\":\"2012-10-17\"}",
            "policy_id": "ANPA5FTY762TLIRN7LHON",
            "tags": {
              "Environment": "dev",
              "ManagedBy": "Terraform",
              "Module": "iam_policy",
              "Name": "dev-cloudwatch-write"
            },
            "tags_all": {
              "Environment": "dev",
              "ManagedBy": "Terraform",
              "Module": "iam_policy",
              "Name": "dev-cloudwatch-write"
            }
          },
          "sensitive_attributes": [],
          "identity_schema_version": 0,
          "identity": {
            "arn": "arn:aws:iam::905418110630:policy/dev-cloudwatch-write"
          },
          "private": "bnVsbA=="
        }
      ]
    },
    {
      "module": "module.monitoring_role",
      "mode": "managed",
      "type": "aws_iam_role",
      "name": "role",
      "provider": "provider[\"registry.terraform.io/hashicorp/aws\"]",
      "instances": [
        {
          "schema_version": 0,
          "attributes": {
            "arn": "arn:aws:iam::905418110630:role/dev-monitoring-role",
            "assume_role_policy": "{\"Statement\":[{\"Action\":\"sts:AssumeRole\",\"Effect\":\"Allow\",\"Principal\":{\"Service\":\"lambda.amazonaws.com\"}}],\"Version\":\"2012-10-17\"}",
            "create_date": "2025-11-11T04:53:10Z",
            "description": "Monitoring role",
            "force_detach_policies": false,
            "id": "dev-monitoring-role",
            "inline_policy": [],
            "managed_policy_arns": [
              "arn:aws:iam::905418110630:policy/dev-cloudwatch-write"
            ],
            "max_session_duration": 3600,
            "name": "dev-monitoring-role",
            "name_prefix": "",
            "path": "/",
            "permissions_boundary": "",
            "tags": {
              "Environment": "dev",
              "ManagedBy": "Terraform"
            },
            "tags_all": {
              "Environment": "dev",
              "ManagedBy": "Terraform"
            },
            "unique_id": "AROA5FTY762TFY3KCIHP7"
          },
          "sensitive_attributes": [],
          "identity_schema_version": 0,
          "identity": {
            "account_id": "905418110630",
            "name": "dev-monitoring-role"
          },
          "private": "bnVsbA=="
        }
      ]
    },
    {
      "module": "module.monitoring_role",
      "mode": "managed",
      "type": "aws_iam_role_policy_attachment",
      "name": "policy_attachments",
      "provider": "provider[\"registry.terraform.io/hashicorp/aws\"]",
      "instances": [
        {
          "index_key": 0,
          "schema_version": 0,
          "attributes": {
            "id": "dev-monitoring-role/arn:aws:iam::905418110630:policy/dev-cloudwatch-write",
            "policy_arn": "arn:aws:iam::905418110630:policy/dev-cloudwatch-write",
            "role": "dev-monitoring-role"
          },
          "sensitive_attributes": [],
          "identity_schema_version": 0,
          "identity": {
            "account_id": "905418110630",
            "policy_arn": "arn:aws:iam::905418110630:policy/dev-cloudwatch-write",
            "role": "dev-monitoring-role"
          },
          "private": "bnVsbA==",
          "dependencies": [
            "module.cloudwatch_write_policy.aws_iam_policy.policy",
            "module.monitoring_role.aws_iam_role.role"
          ]
        }
      ]
    },
    {
      "module": "module.s3_read_only_policy",
      "mode": "managed",
      "type": "aws_iam_policy",
      "name": "policy",
      "provider": "provider[\"registry.terraform.io/hashicorp/aws\"]",
      "instances": [
        {
          "schema_version": 0,
          "attributes": {
            "arn": "arn:aws:iam::905418110630:policy/dev-s3-read-only",
            "attachment_count": 1,
            "description": "Allow read-only access to S3",
            "id": "arn:aws:iam::905418110630:policy/dev-s3-read-only",
            "name": "dev-s3-read-only",
            "name_prefix": "",
            "path": "/",
            "policy": "{\"Statement\":[{\"Action\":[\"s3:Get*\",\"s3:List*\"],\"Effect\":\"Allow\",\"Resource\":[\"*\"]}],\"Version\":\"2012-10-17\"}",
            "policy_id": "ANPA5FTY762TP73RWKLDY",
            "tags": {
              "Environment": "dev",
              "ManagedBy": "Terraform",
              "Module": "iam_policy",
              "Name": "dev-s3-read-only"
            },
            "tags_all": {
              "Environment": "dev",
              "ManagedBy": "Terraform",
              "Module": "iam_policy",
              "Name": "dev-s3-read-only"
            }
          },
          "sensitive_attributes": [],
          "identity_schema_version": 0,
          "identity": {
            "arn": "arn:aws:iam::905418110630:policy/dev-s3-read-only"
          },
          "private": "bnVsbA=="
        }
      ]
    }
  ],
  "check_results": null
}
