{
  "version": 4,
  "terraform_version": "1.13.4",
  "serial": 4,
  "lineage": "562240cd-632c-ced2-e3f7-00e2ce96bce4",
  "outputs": {
    "account_info": {
      "value": "905418110630 (ap-southeast-2)",
      "type": "string"
    },
    "availability_zone": {
      "value": "ap-southeast-2a",
      "type": "string"
    },
    "subnet_id": {
      "value": "subnet-03ee0d0fae82c6f43",
      "type": "string"
    },
    "vpc_id": {
      "value": "vpc-00ffe3d8e95947c87",
      "type": "string"
    }
  },
  "resources": [
    {
      "mode": "data",
      "type": "aws_availability_zones",
      "name": "available",
      "provider": "provider[\"registry.terraform.io/hashicorp/aws\"]",
      "instances": [
        {
          "schema_version": 0,
          "attributes": {
            "all_availability_zones": null,
            "exclude_names": null,
            "exclude_zone_ids": null,
            "filter": null,
            "group_names": [
              "ap-southeast-2-zg-1"
            ],
            "id": "ap-southeast-2",
            "names": [
              "ap-southeast-2a",
              "ap-southeast-2b",
              "ap-southeast-2c"
            ],
            "state": "available",
            "timeouts": null,
            "zone_ids": [
              "apse2-az1",
              "apse2-az3",
              "apse2-az2"
            ]
          },
          "sensitive_attributes": [],
          "identity_schema_version": 0
        }
      ]
    },
    {
      "mode": "data",
      "type": "aws_caller_identity",
      "name": "current",
      "provider": "provider[\"registry.terraform.io/hashicorp/aws\"]",
      "instances": [
        {
          "schema_version": 0,
          "attributes": {
            "account_id": "905418110630",
            "arn": "arn:aws:iam::905418110630:user/terraform",
            "id": "905418110630",
            "user_id": "AIDA5FTY762TCHN4WVH5A"
          },
          "sensitive_attributes": [],
          "identity_schema_version": 0
        }
      ]
    },
    {
      "mode": "data",
      "type": "aws_region",
      "name": "current",
      "provider": "provider[\"registry.terraform.io/hashicorp/aws\"]",
      "instances": [
        {
          "schema_version": 0,
          "attributes": {
            "description": "Asia Pacific (Sydney)",
            "endpoint": "ec2.ap-southeast-2.amazonaws.com",
            "id": "ap-southeast-2",
            "name": "ap-southeast-2"
          },
          "sensitive_attributes": [],
          "identity_schema_version": 0
        }
      ]
    },
    {
      "mode": "managed",
      "type": "aws_route_table",
      "name": "static",
      "provider": "provider[\"registry.terraform.io/hashicorp/aws\"]",
      "instances": [
        {
          "schema_version": 0,
          "attributes": {
            "arn": "arn:aws:ec2:ap-southeast-2:905418110630:route-table/rtb-0734fe25a900ee551",
            "id": "rtb-0734fe25a900ee551",
            "owner_id": "905418110630",
            "propagating_vgws": [],
            "route": [],
            "tags": {
              "Environment": "development",
              "ManagedBy": "Terraform",
              "Name": "development-static-route-table",
              "Project": "dynamic-infrastructure",
              "Region": "ap-southeast-2"
            },
            "tags_all": {
              "Environment": "development",
              "ManagedBy": "Terraform",
              "Name": "development-static-route-table",
              "Project": "dynamic-infrastructure",
              "Region": "ap-southeast-2"
            },
            "timeouts": null,
            "vpc_id": "vpc-00ffe3d8e95947c87"
          },
          "sensitive_attributes": [],
          "identity_schema_version": 0,
          "private": "eyJlMmJmYjczMC1lY2FhLTExZTYtOGY4OC0zNDM2M2JjN2M0YzAiOnsiY3JlYXRlIjozMDAwMDAwMDAwMDAsImRlbGV0ZSI6MzAwMDAwMDAwMDAwLCJ1cGRhdGUiOjEyMDAwMDAwMDAwMH19",
          "dependencies": [
            "aws_vpc.production",
            "data.aws_caller_identity.current",
            "data.aws_region.current"
          ]
        }
      ]
    },
    {
      "mode": "managed",
      "type": "aws_subnet",
      "name": "private",
      "provider": "provider[\"registry.terraform.io/hashicorp/aws\"]",
      "instances": [
        {
          "schema_version": 1,
          "attributes": {
            "arn": "arn:aws:ec2:ap-southeast-2:905418110630:subnet/subnet-03ee0d0fae82c6f43",
            "assign_ipv6_address_on_creation": false,
            "availability_zone": "ap-southeast-2a",
            "availability_zone_id": "apse2-az1",
            "cidr_block": "172.16.1.0/24",
            "customer_owned_ipv4_pool": "",
            "enable_dns64": false,
            "enable_lni_at_device_index": 0,
            "enable_resource_name_dns_a_record_on_launch": false,
            "enable_resource_name_dns_aaaa_record_on_launch": false,
            "id": "subnet-03ee0d0fae82c6f43",
            "ipv6_cidr_block": "",
            "ipv6_cidr_block_association_id": "",
            "ipv6_native": false,
            "map_customer_owned_ip_on_launch": false,
            "map_public_ip_on_launch": false,
            "outpost_arn": "",
            "owner_id": "905418110630",
            "private_dns_hostname_type_on_launch": "ip-name",
            "tags": {
              "AZ": "ap-southeast-2a",
              "Environment": "development",
              "ManagedBy": "Terraform",
              "Name": "development-private-subnet",
              "Project": "dynamic-infrastructure",
              "Region": "ap-southeast-2"
            },
            "tags_all": {
              "AZ": "ap-southeast-2a",
              "Environment": "development",
              "ManagedBy": "Terraform",
              "Name": "development-private-subnet",
              "Project": "dynamic-infrastructure",
              "Region": "ap-southeast-2"
            },
            "timeouts": null,
            "vpc_id": "vpc-00ffe3d8e95947c87"
          },
          "sensitive_attributes": [],
          "identity_schema_version": 0,
          "private": "eyJlMmJmYjczMC1lY2FhLTExZTYtOGY4OC0zNDM2M2JjN2M0YzAiOnsiY3JlYXRlIjo2MDAwMDAwMDAwMDAsImRlbGV0ZSI6MTIwMDAwMDAwMDAwMH0sInNjaGVtYV92ZXJzaW9uIjoiMSJ9",
          "dependencies": [
            "aws_vpc.production",
            "data.aws_availability_zones.available",
            "data.aws_caller_identity.current",
            "data.aws_region.current"
          ]
        }
      ]
    },
    {
      "mode": "managed",
      "type": "aws_vpc",
      "name": "production",
      "provider": "provider[\"registry.terraform.io/hashicorp/aws\"]",
      "instances": [
        {
          "schema_version": 1,
          "attributes": {
            "arn": "arn:aws:ec2:ap-southeast-2:905418110630:vpc/vpc-00ffe3d8e95947c87",
            "assign_generated_ipv6_cidr_block": false,
            "cidr_block": "172.16.0.0/16",
            "default_network_acl_id": "acl-0d86bd4875c6dab31",
            "default_route_table_id": "rtb-037ab9d3f7611de26",
            "default_security_group_id": "sg-064989dc8c606ac48",
            "dhcp_options_id": "dopt-037feaf54470d39c9",
            "enable_dns_hostnames": true,
            "enable_dns_support": true,
            "enable_network_address_usage_metrics": false,
            "id": "vpc-00ffe3d8e95947c87",
            "instance_tenancy": "default",
            "ipv4_ipam_pool_id": null,
            "ipv4_netmask_length": null,
            "ipv6_association_id": "",
            "ipv6_cidr_block": "",
            "ipv6_cidr_block_network_border_group": "",
            "ipv6_ipam_pool_id": "",
            "ipv6_netmask_length": 0,
            "main_route_table_id": "rtb-037ab9d3f7611de26",
            "owner_id": "905418110630",
            "tags": {
              "AccountID": "905418110630",
              "Environment": "development",
              "ManagedBy": "Terraform",
              "Name": "development-vpc",
              "Project": "dynamic-infrastructure",
              "Region": "ap-southeast-2"
            },
            "tags_all": {
              "AccountID": "905418110630",
              "Environment": "development",
              "ManagedBy": "Terraform",
              "Name": "development-vpc",
              "Project": "dynamic-infrastructure",
              "Region": "ap-southeast-2"
            }
          },
          "sensitive_attributes": [],
          "identity_schema_version": 0,
          "private": "eyJzY2hlbWFfdmVyc2lvbiI6IjEifQ==",
          "dependencies": [
            "data.aws_caller_identity.current",
            "data.aws_region.current"
          ]
        }
      ]
    }
  ],
  "check_results": null
}
