{
  "version": 4,
  "terraform_version": "1.13.4",
  "serial": 16,
  "lineage": "04185904-9534-d224-ac42-b529f501175e",
  "outputs": {
    "private_subnet_a_id": {
      "value": "subnet-08f776db0448ba0ac",
      "type": "string"
    },
    "private_subnet_b_id": {
      "value": "subnet-0399d2535ec3369f4",
      "type": "string"
    },
    "public_subnet_a_id": {
      "value": "subnet-052cb33957d1310cb",
      "type": "string"
    },
    "public_subnet_b_id": {
      "value": "subnet-032fd67c767396d63",
      "type": "string"
    },
    "security_group_id": {
      "value": "sg-08b93a6d62365a58f",
      "type": "string"
    },
    "vpc_id": {
      "value": "vpc-0f0c1c76e82cd66ef",
      "type": "string"
    }
  },
  "resources": [
    {
      "mode": "data",
      "type": "aws_availability_zones",
      "name": "available",
      "provider": "provider[\"registry.terraform.io/hashicorp/aws\"]",
      "instances": [
        {
          "schema_version": 0,
          "attributes": {
            "all_availability_zones": null,
            "exclude_names": null,
            "exclude_zone_ids": null,
            "filter": null,
            "group_names": [
              "ap-southeast-2-zg-1"
            ],
            "id": "ap-southeast-2",
            "names": [
              "ap-southeast-2a",
              "ap-southeast-2b",
              "ap-southeast-2c"
            ],
            "state": "available",
            "timeouts": null,
            "zone_ids": [
              "apse2-az1",
              "apse2-az3",
              "apse2-az2"
            ]
          },
          "sensitive_attributes": [],
          "identity_schema_version": 0
        }
      ]
    },
    {
      "mode": "data",
      "type": "aws_region",
      "name": "current",
      "provider": "provider[\"registry.terraform.io/hashicorp/aws\"]",
      "instances": [
        {
          "schema_version": 0,
          "attributes": {
            "description": "Asia Pacific (Sydney)",
            "endpoint": "ec2.ap-southeast-2.amazonaws.com",
            "id": "ap-southeast-2",
            "name": "ap-southeast-2"
          },
          "sensitive_attributes": [],
          "identity_schema_version": 0
        }
      ]
    },
    {
      "mode": "managed",
      "type": "aws_security_group",
      "name": "web",
      "provider": "provider[\"registry.terraform.io/hashicorp/aws\"]",
      "instances": [
        {
          "schema_version": 1,
          "attributes": {
            "arn": "arn:aws:ec2:ap-southeast-2:905418110630:security-group/sg-08b93a6d62365a58f",
            "description": "Allow web traffic",
            "egress": [
              {
                "cidr_blocks": [
                  "0.0.0.0/0"
                ],
                "description": "",
                "from_port": 0,
                "ipv6_cidr_blocks": [],
                "prefix_list_ids": [],
                "protocol": "-1",
                "security_groups": [],
                "self": false,
                "to_port": 0
              }
            ],
            "id": "sg-08b93a6d62365a58f",
            "ingress": [
              {
                "cidr_blocks": [
                  "0.0.0.0/0"
                ],
                "description": "",
                "from_port": 443,
                "ipv6_cidr_blocks": [],
                "prefix_list_ids": [],
                "protocol": "tcp",
                "security_groups": [],
                "self": false,
                "to_port": 443
              },
              {
                "cidr_blocks": [
                  "0.0.0.0/0"
                ],
                "description": "",
                "from_port": 80,
                "ipv6_cidr_blocks": [],
                "prefix_list_ids": [],
                "protocol": "tcp",
                "security_groups": [],
                "self": false,
                "to_port": 80
              }
            ],
            "name": "production-web-sg",
            "name_prefix": "",
            "owner_id": "905418110630",
            "revoke_rules_on_delete": false,
            "tags": {
              "CostCenter": "cc-5678",
              "Environment": "dev",
              "Lab": "lab7",
              "ManagedBy": "terraform",
              "Name": "dev-tf-web-sg",
              "Owner": "infrastructure-team",
              "Project": "terraform-demo",
              "Region": "ap-southeast-2"
            },
            "tags_all": {
              "CostCenter": "cc-5678",
              "Environment": "dev",
              "Lab": "lab7",
              "ManagedBy": "terraform",
              "Name": "dev-tf-web-sg",
              "Owner": "infrastructure-team",
              "Project": "terraform-demo",
              "Region": "ap-southeast-2"
            },
            "timeouts": null,
            "vpc_id": "vpc-0f0c1c76e82cd66ef"
          },
          "sensitive_attributes": [],
          "identity_schema_version": 0,
          "private": "eyJlMmJmYjczMC1lY2FhLTExZTYtOGY4OC0zNDM2M2JjN2M0YzAiOnsiY3JlYXRlIjo2MDAwMDAwMDAwMDAsImRlbGV0ZSI6OTAwMDAwMDAwMDAwfSwic2NoZW1hX3ZlcnNpb24iOiIxIn0=",
          "dependencies": [
            "aws_vpc.main",
            "data.aws_region.current"
          ]
        }
      ]
    },
    {
      "mode": "managed",
      "type": "aws_subnet",
      "name": "private_a",
      "provider": "provider[\"registry.terraform.io/hashicorp/aws\"]",
      "instances": [
        {
          "schema_version": 1,
          "attributes": {
            "arn": "arn:aws:ec2:ap-southeast-2:905418110630:subnet/subnet-08f776db0448ba0ac",
            "assign_ipv6_address_on_creation": false,
            "availability_zone": "ap-southeast-2a",
            "availability_zone_id": "apse2-az1",
            "cidr_block": "10.0.3.0/24",
            "customer_owned_ipv4_pool": "",
            "enable_dns64": false,
            "enable_lni_at_device_index": 0,
            "enable_resource_name_dns_a_record_on_launch": false,
            "enable_resource_name_dns_aaaa_record_on_launch": false,
            "id": "subnet-08f776db0448ba0ac",
            "ipv6_cidr_block": "",
            "ipv6_cidr_block_association_id": "",
            "ipv6_native": false,
            "map_customer_owned_ip_on_launch": false,
            "map_public_ip_on_launch": false,
            "outpost_arn": "",
            "owner_id": "905418110630",
            "private_dns_hostname_type_on_launch": "ip-name",
            "tags": {
              "CostCenter": "cc-5678",
              "Environment": "dev",
              "Lab": "lab7",
              "ManagedBy": "terraform",
              "Name": "dev-tf-public-subnet-ap-southeast-2a",
              "Owner": "infrastructure-team",
              "Project": "terraform-demo",
              "Region": "ap-southeast-2",
              "Tier": "private"
            },
            "tags_all": {
              "CostCenter": "cc-5678",
              "Environment": "dev",
              "Lab": "lab7",
              "ManagedBy": "terraform",
              "Name": "dev-tf-public-subnet-ap-southeast-2a",
              "Owner": "infrastructure-team",
              "Project": "terraform-demo",
              "Region": "ap-southeast-2",
              "Tier": "private"
            },
            "timeouts": null,
            "vpc_id": "vpc-0f0c1c76e82cd66ef"
          },
          "sensitive_attributes": [],
          "identity_schema_version": 0,
          "private": "eyJlMmJmYjczMC1lY2FhLTExZTYtOGY4OC0zNDM2M2JjN2M0YzAiOnsiY3JlYXRlIjo2MDAwMDAwMDAwMDAsImRlbGV0ZSI6MTIwMDAwMDAwMDAwMH0sInNjaGVtYV92ZXJzaW9uIjoiMSJ9",
          "dependencies": [
            "aws_vpc.main",
            "data.aws_availability_zones.available",
            "data.aws_region.current"
          ]
        }
      ]
    },
    {
      "mode": "managed",
      "type": "aws_subnet",
      "name": "private_b",
      "provider": "provider[\"registry.terraform.io/hashicorp/aws\"]",
      "instances": [
        {
          "schema_version": 1,
          "attributes": {
            "arn": "arn:aws:ec2:ap-southeast-2:905418110630:subnet/subnet-0399d2535ec3369f4",
            "assign_ipv6_address_on_creation": false,
            "availability_zone": "ap-southeast-2b",
            "availability_zone_id": "apse2-az3",
            "cidr_block": "10.0.4.0/24",
            "customer_owned_ipv4_pool": "",
            "enable_dns64": false,
            "enable_lni_at_device_index": 0,
            "enable_resource_name_dns_a_record_on_launch": false,
            "enable_resource_name_dns_aaaa_record_on_launch": false,
            "id": "subnet-0399d2535ec3369f4",
            "ipv6_cidr_block": "",
            "ipv6_cidr_block_association_id": "",
            "ipv6_native": false,
            "map_customer_owned_ip_on_launch": false,
            "map_public_ip_on_launch": false,
            "outpost_arn": "",
            "owner_id": "905418110630",
            "private_dns_hostname_type_on_launch": "ip-name",
            "tags": {
              "CostCenter": "cc-5678",
              "Environment": "dev",
              "Lab": "lab7",
              "ManagedBy": "terraform",
              "Name": "dev-tf-public-subnet-ap-southeast-2b",
              "Owner": "infrastructure-team",
              "Project": "terraform-demo",
              "Region": "ap-southeast-2",
              "Tier": "private"
            },
            "tags_all": {
              "CostCenter": "cc-5678",
              "Environment": "dev",
              "Lab": "lab7",
              "ManagedBy": "terraform",
              "Name": "dev-tf-public-subnet-ap-southeast-2b",
              "Owner": "infrastructure-team",
              "Project": "terraform-demo",
              "Region": "ap-southeast-2",
              "Tier": "private"
            },
            "timeouts": null,
            "vpc_id": "vpc-0f0c1c76e82cd66ef"
          },
          "sensitive_attributes": [],
          "identity_schema_version": 0,
          "private": "eyJlMmJmYjczMC1lY2FhLTExZTYtOGY4OC0zNDM2M2JjN2M0YzAiOnsiY3JlYXRlIjo2MDAwMDAwMDAwMDAsImRlbGV0ZSI6MTIwMDAwMDAwMDAwMH0sInNjaGVtYV92ZXJzaW9uIjoiMSJ9",
          "dependencies": [
            "aws_vpc.main",
            "data.aws_availability_zones.available",
            "data.aws_region.current"
          ]
        }
      ]
    },
    {
      "mode": "managed",
      "type": "aws_subnet",
      "name": "public_a",
      "provider": "provider[\"registry.terraform.io/hashicorp/aws\"]",
      "instances": [
        {
          "schema_version": 1,
          "attributes": {
            "arn": "arn:aws:ec2:ap-southeast-2:905418110630:subnet/subnet-052cb33957d1310cb",
            "assign_ipv6_address_on_creation": false,
            "availability_zone": "ap-southeast-2a",
            "availability_zone_id": "apse2-az1",
            "cidr_block": "10.0.1.0/24",
            "customer_owned_ipv4_pool": "",
            "enable_dns64": false,
            "enable_lni_at_device_index": 0,
            "enable_resource_name_dns_a_record_on_launch": false,
            "enable_resource_name_dns_aaaa_record_on_launch": false,
            "id": "subnet-052cb33957d1310cb",
            "ipv6_cidr_block": "",
            "ipv6_cidr_block_association_id": "",
            "ipv6_native": false,
            "map_customer_owned_ip_on_launch": false,
            "map_public_ip_on_launch": true,
            "outpost_arn": "",
            "owner_id": "905418110630",
            "private_dns_hostname_type_on_launch": "ip-name",
            "tags": {
              "CostCenter": "cc-5678",
              "Environment": "dev",
              "Lab": "lab7",
              "ManagedBy": "terraform",
              "Name": "dev-tf-public-subnet-ap-southeast-2a",
              "Owner": "infrastructure-team",
              "Project": "terraform-demo",
              "Region": "ap-southeast-2",
              "Tier": "public"
            },
            "tags_all": {
              "CostCenter": "cc-5678",
              "Environment": "dev",
              "Lab": "lab7",
              "ManagedBy": "terraform",
              "Name": "dev-tf-public-subnet-ap-southeast-2a",
              "Owner": "infrastructure-team",
              "Project": "terraform-demo",
              "Region": "ap-southeast-2",
              "Tier": "public"
            },
            "timeouts": null,
            "vpc_id": "vpc-0f0c1c76e82cd66ef"
          },
          "sensitive_attributes": [],
          "identity_schema_version": 0,
          "private": "eyJlMmJmYjczMC1lY2FhLTExZTYtOGY4OC0zNDM2M2JjN2M0YzAiOnsiY3JlYXRlIjo2MDAwMDAwMDAwMDAsImRlbGV0ZSI6MTIwMDAwMDAwMDAwMH0sInNjaGVtYV92ZXJzaW9uIjoiMSJ9",
          "dependencies": [
            "aws_vpc.main",
            "data.aws_availability_zones.available",
            "data.aws_region.current"
          ]
        }
      ]
    },
    {
      "mode": "managed",
      "type": "aws_subnet",
      "name": "public_b",
      "provider": "provider[\"registry.terraform.io/hashicorp/aws\"]",
      "instances": [
        {
          "schema_version": 1,
          "attributes": {
            "arn": "arn:aws:ec2:ap-southeast-2:905418110630:subnet/subnet-032fd67c767396d63",
            "assign_ipv6_address_on_creation": false,
            "availability_zone": "ap-southeast-2b",
            "availability_zone_id": "apse2-az3",
            "cidr_block": "10.0.2.0/24",
            "customer_owned_ipv4_pool": "",
            "enable_dns64": false,
            "enable_lni_at_device_index": 0,
            "enable_resource_name_dns_a_record_on_launch": false,
            "enable_resource_name_dns_aaaa_record_on_launch": false,
            "id": "subnet-032fd67c767396d63",
            "ipv6_cidr_block": "",
            "ipv6_cidr_block_association_id": "",
            "ipv6_native": false,
            "map_customer_owned_ip_on_launch": false,
            "map_public_ip_on_launch": true,
            "outpost_arn": "",
            "owner_id": "905418110630",
            "private_dns_hostname_type_on_launch": "ip-name",
            "tags": {
              "CostCenter": "cc-5678",
              "Environment": "dev",
              "Lab": "lab7",
              "ManagedBy": "terraform",
              "Name": "dev-tf-public-subnet-ap-southeast-2b",
              "Owner": "infrastructure-team",
              "Project": "terraform-demo",
              "Region": "ap-southeast-2",
              "Tier": "public"
            },
            "tags_all": {
              "CostCenter": "cc-5678",
              "Environment": "dev",
              "Lab": "lab7",
              "ManagedBy": "terraform",
              "Name": "dev-tf-public-subnet-ap-southeast-2b",
              "Owner": "infrastructure-team",
              "Project": "terraform-demo",
              "Region": "ap-southeast-2",
              "Tier": "public"
            },
            "timeouts": null,
            "vpc_id": "vpc-0f0c1c76e82cd66ef"
          },
          "sensitive_attributes": [],
          "identity_schema_version": 0,
          "private": "eyJlMmJmYjczMC1lY2FhLTExZTYtOGY4OC0zNDM2M2JjN2M0YzAiOnsiY3JlYXRlIjo2MDAwMDAwMDAwMDAsImRlbGV0ZSI6MTIwMDAwMDAwMDAwMH0sInNjaGVtYV92ZXJzaW9uIjoiMSJ9",
          "dependencies": [
            "aws_vpc.main",
            "data.aws_availability_zones.available",
            "data.aws_region.current"
          ]
        }
      ]
    },
    {
      "mode": "managed",
      "type": "aws_vpc",
      "name": "main",
      "provider": "provider[\"registry.terraform.io/hashicorp/aws\"]",
      "instances": [
        {
          "schema_version": 1,
          "attributes": {
            "arn": "arn:aws:ec2:ap-southeast-2:905418110630:vpc/vpc-0f0c1c76e82cd66ef",
            "assign_generated_ipv6_cidr_block": false,
            "cidr_block": "10.0.0.0/16",
            "default_network_acl_id": "acl-085a1fc15ed9e8854",
            "default_route_table_id": "rtb-0941095c2c999bae8",
            "default_security_group_id": "sg-0e5df4ddc0ad950ad",
            "dhcp_options_id": "dopt-037feaf54470d39c9",
            "enable_dns_hostnames": true,
            "enable_dns_support": true,
            "enable_network_address_usage_metrics": false,
            "id": "vpc-0f0c1c76e82cd66ef",
            "instance_tenancy": "default",
            "ipv4_ipam_pool_id": null,
            "ipv4_netmask_length": null,
            "ipv6_association_id": "",
            "ipv6_cidr_block": "",
            "ipv6_cidr_block_network_border_group": "",
            "ipv6_ipam_pool_id": "",
            "ipv6_netmask_length": 0,
            "main_route_table_id": "rtb-0941095c2c999bae8",
            "owner_id": "905418110630",
            "tags": {
              "CostCenter": "cc-5678",
              "Environment": "dev",
              "Lab": "lab7",
              "ManagedBy": "terraform",
              "Name": "dev-tf-vpc-ap-southeast-2",
              "Owner": "infrastructure-team",
              "Project": "terraform-demo",
              "Region": "ap-southeast-2"
            },
            "tags_all": {
              "CostCenter": "cc-5678",
              "Environment": "dev",
              "Lab": "lab7",
              "ManagedBy": "terraform",
              "Name": "dev-tf-vpc-ap-southeast-2",
              "Owner": "infrastructure-team",
              "Project": "terraform-demo",
              "Region": "ap-southeast-2"
            }
          },
          "sensitive_attributes": [],
          "identity_schema_version": 0,
          "private": "eyJzY2hlbWFfdmVyc2lvbiI6IjEifQ==",
          "dependencies": [
            "data.aws_region.current"
          ]
        }
      ]
    }
  ],
  "check_results": null
}
